
Microsoft Visual Studio Solution File, Format Version 12.00
# Visual Studio Version 16
VisualStudioVersion = 16.0.30517.126
MinimumVisualStudioVersion = 10.0.40219.1
Project("{FAE04EC0-301F-11D3-BF4B-00C04F79EFBC}") = "MediaPlayer", "MediaPlayer.csproj", "{D125872E-E43F-4CF3-ADF5-7F2058454A1A}"
EndProject
Global
	GlobalSection(SolutionConfigurationPlatforms) = preSolution
		Debug|Any CPU = Debug|Any CPU
		Release|Any CPU = Release|Any CPU
	EndGlobalSection
	GlobalSection(ProjectConfigurationPlatforms) = postSolution
		{D125872E-E43F-4CF3-ADF5-7F2058454A1A}.Debug|Any CPU.ActiveCfg = Debug|Any CPU
		{D125872E-E43F-4CF3-ADF5-7F2058454A1A}.Debug|Any CPU.Build.0 = Debug|Any CPU
		{D125872E-E43F-4CF3-ADF5-7F2058454A1A}.Release|Any CPU.ActiveCfg = Release|Any CPU
		{D125872E-E43F-4CF3-ADF5-7F2058454A1A}.Release|Any CPU.Build.0 = Release|Any CPU
	EndGlobalSection
	GlobalSection(SolutionProperties) = preSolution
		HideSolutionNode = FALSE
	EndGlobalSection
	GlobalSection(ExtensibilityGlobals) = postSolution
		SolutionGuid = {0584D9C7-1D7C-4B01-8122-5B110C2D7F6B}
	EndGlobalSection
EndGlobal
